
Microsoft Visual Studio Solution File, Format Version 12.00
# Visual Studio Version 16
VisualStudioVersion = 16.0.31410.357
MinimumVisualStudioVersion = 10.0.40219.1
Project("{FAE04EC0-301F-11D3-BF4B-00C04F79EFBC}") = "FIT5032_MyFirstAPI", "FIT5032_MyFirstAPI\FIT5032_MyFirstAPI.csproj", "{08E993DC-699E-43FC-A3FE-E41519A7E6FD}"
EndProject
Global
	GlobalSection(SolutionConfigurationPlatforms) = preSolution
		Debug|Any CPU = Debug|Any CPU
		Release|Any CPU = Release|Any CPU
	EndGlobalSection
	GlobalSection(ProjectConfigurationPlatforms) = postSolution
		{08E993DC-699E-43FC-A3FE-E41519A7E6FD}.Debug|Any CPU.ActiveCfg = Debug|Any CPU
		{08E993DC-699E-43FC-A3FE-E41519A7E6FD}.Debug|Any CPU.Build.0 = Debug|Any CPU
		{08E993DC-699E-43FC-A3FE-E41519A7E6FD}.Release|Any CPU.ActiveCfg = Release|Any CPU
		{08E993DC-699E-43FC-A3FE-E41519A7E6FD}.Release|Any CPU.Build.0 = Release|Any CPU
	EndGlobalSection
	GlobalSection(SolutionProperties) = preSolution
		HideSolutionNode = FALSE
	EndGlobalSection
	GlobalSection(ExtensibilityGlobals) = postSolution
		SolutionGuid = {36326478-1C92-4C82-B43E-493DD46740AE}
	EndGlobalSection
EndGlobal
